
Microsoft Visual Studio Solution File, Format Version 11.00
# Visual Studio 2010
Project("{8BC9CEB8-8B4A-11D0-8D11-00A0C91BC942}") = "qrs_detector", "qrs_detector.vcxproj", "{E715E815-BFF7-4E7C-A2D8-44B3907E4DB5}"
EndProject
Global
	GlobalSection(SolutionConfigurationPlatforms) = preSolution
		Debug|Win32 = Debug|Win32
		Release|Win32 = Release|Win32
	EndGlobalSection
	GlobalSection(ProjectConfigurationPlatforms) = postSolution
		{E715E815-BFF7-4E7C-A2D8-44B3907E4DB5}.Debug|Win32.ActiveCfg = Debug|Win32
		{E715E815-BFF7-4E7C-A2D8-44B3907E4DB5}.Debug|Win32.Build.0 = Debug|Win32
		{E715E815-BFF7-4E7C-A2D8-44B3907E4DB5}.Release|Win32.ActiveCfg = Release|Win32
		{E715E815-BFF7-4E7C-A2D8-44B3907E4DB5}.Release|Win32.Build.0 = Release|Win32
	EndGlobalSection
	GlobalSection(SolutionProperties) = preSolution
		HideSolutionNode = FALSE
	EndGlobalSection
EndGlobal
